
Microsoft Visual Studio Solution File, Format Version 12.00
# Visual Studio Version 16
VisualStudioVersion = 16.0.31605.320
MinimumVisualStudioVersion = 10.0.40219.1
Project("{FAE04EC0-301F-11D3-BF4B-00C04F79EFBC}") = "NaveStarWars", "NaveStarWars\NaveStarWars.csproj", "{C65EFCF7-BFBF-4AAE-9428-958EA6E8C7CA}"
EndProject
Global
	GlobalSection(SolutionConfigurationPlatforms) = preSolution
		Debug|Any CPU = Debug|Any CPU
		Release|Any CPU = Release|Any CPU
	EndGlobalSection
	GlobalSection(ProjectConfigurationPlatforms) = postSolution
		{C65EFCF7-BFBF-4AAE-9428-958EA6E8C7CA}.Debug|Any CPU.ActiveCfg = Debug|Any CPU
		{C65EFCF7-BFBF-4AAE-9428-958EA6E8C7CA}.Debug|Any CPU.Build.0 = Debug|Any CPU
		{C65EFCF7-BFBF-4AAE-9428-958EA6E8C7CA}.Release|Any CPU.ActiveCfg = Release|Any CPU
		{C65EFCF7-BFBF-4AAE-9428-958EA6E8C7CA}.Release|Any CPU.Build.0 = Release|Any CPU
	EndGlobalSection
	GlobalSection(SolutionProperties) = preSolution
		HideSolutionNode = FALSE
	EndGlobalSection
	GlobalSection(ExtensibilityGlobals) = postSolution
		SolutionGuid = {B31D6B96-74A3-498E-8ABA-B292DA01CF7A}
	EndGlobalSection
EndGlobal
